{
  "nodes": {
    "fenix": {
      "inputs": {
        "naersk": "naersk",
        "nixpkgs": [
          "nixpkgs"
        ],
        "rust-analyzer-src": "rust-analyzer-src"
      },
      "locked": {
        "lastModified": 1618281711,
        "narHash": "sha256-1jg3E1S/+yCQJAunMaL3Wi/YfLPwyzv50yjT+j1AidY=",
        "owner": "nix-community",
        "repo": "fenix",
        "rev": "755f253e3a05e2ec9605f457fcd79994cb1484de",
        "type": "github"
      },
      "original": {
        "owner": "nix-community",
        "repo": "fenix",
        "type": "github"
      }
    },
    "naersk": {
      "inputs": {
        "nixpkgs": [
          "nixpkgs"
        ]
      },
      "locked": {
        "lastModified": 1618068541,
        "narHash": "sha256-enxg0QB53Zis0VJWfJsrX7zCjurpi7lW78EKXbJdzpQ=",
        "owner": "nmattia",
        "repo": "naersk",
        "rev": "b3b099d669fc8b18d361c249091c9fe95d57ebbb",
        "type": "github"
      },
      "original": {
        "owner": "nmattia",
        "repo": "naersk",
        "type": "github"
      }
    },
    "nixpkgs": {
      "locked": {
        "lastModified": 1618251784,
        "narHash": "sha256-/IG7op2hUVnjzKt2UXL152+YsL0gdPakk6/RxondIJ0=",
        "path": "/nix/store/mz3jwbsj8az7vqic5jx2phj777yfjgh5-source",
        "rev": "311ceed827f531f88f46222920cd1ebb2c101f73",
        "type": "path"
      },
      "original": {
        "id": "nixpkgs",
        "type": "indirect"
      }
    },
    "root": {
      "inputs": {
        "fenix": "fenix",
        "nixpkgs": "nixpkgs"
      }
    },
    "rust-analyzer-src": {
      "flake": false,
      "locked": {
        "lastModified": 1618251983,
        "narHash": "sha256-0VoIqK+Oa4K+N75jD/G+SrZMM68POf/iMzztgw5wmx4=",
        "owner": "rust-analyzer",
        "repo": "rust-analyzer",
        "rev": "27e80e943824855c5913f20a776b3a5fa959e942",
        "type": "github"
      },
      "original": {
        "owner": "rust-analyzer",
        "ref": "nightly",
        "repo": "rust-analyzer",
        "type": "github"
      }
    }
  },
  "root": "root",
  "version": 7
}
